{
  "name": "phase5-sql-tests",
  "lockfileVersion": 3,
  "requires": true,
  "packages": {
    "": {
      "name": "phase5-sql-tests",
      "dependencies": {
        "@electric-sql/pglite": "0.5.8",
        "pglite-pg16": "npm:@electric-sql/pglite@0.2.17"
      },
      "engines": {
        "node": ">=22"
      }
    },
    "node_modules/@electric-sql/pglite": {
      "version": "0.5.8",
      "resolved": "https://registry.npmjs.org/@electric-sql/pglite/-/pglite-0.5.8.tgz",
      "integrity": "sha512-n9tsbUOhwx2epK1V0ZG9Ar4SHWUju04dhmzZXiSBXwBoleOvIfals33NAaWgagQVAL4Rbvx/Ptsu3P+pA09f6Q==",
      "license": "Apache-2.0"
    },
    "node_modules/pglite-pg16": {
      "name": "@electric-sql/pglite",
      "version": "0.2.17",
      "resolved": "https://registry.npmjs.org/@electric-sql/pglite/-/pglite-0.2.17.tgz",
      "integrity": "sha512-qEpKRT2oUaWDH6tjRxLHjdzMqRUGYDnGZlKrnL4dJ77JVMcP2Hpo3NYnOSPKdZdeec57B6QPprCUFg0picx5Pw==",
      "license": "Apache-2.0"
    }
  }
}
